
Microsoft Visual Studio Solution File, Format Version 12.00
# Visual Studio Version 16
VisualStudioVersion = 16.0.33927.289
MinimumVisualStudioVersion = 10.0.40219.1
Project("{2150E333-8FDC-42A3-9474-1A3956D46DE8}") = "Task0", "Task0", "{CD031E74-CA5E-4ADF-8CBF-D3438DF8EACB}"
EndProject
Project("{FAE04EC0-301F-11D3-BF4B-00C04F79EFBC}") = "Tyuiu.IvanovJD.Sprint1.Task0.V10", "Tyuiu.IvanovJD.Sprint1.Task0.V10\Tyuiu.IvanovJD.Sprint1.Task0.V10.csproj", "{58F87E7E-A3CE-450E-8EE0-A947C5436A1C}"
EndProject
Project("{FAE04EC0-301F-11D3-BF4B-00C04F79EFBC}") = "Tyuiu.IvanovJD.Sprint1.Task0.V10.Lib", "Tyuiu.IvanovJD.Sprint1.Task0.V10.Lib\Tyuiu.IvanovJD.Sprint1.Task0.V10.Lib.csproj", "{D8BC78C4-ADD8-4B4E-AA38-94DDEE2D8CDF}"
EndProject
Project("{FAE04EC0-301F-11D3-BF4B-00C04F79EFBC}") = "Tyuiu.IvanovJD.Sprint1.Task0.V10.Test", "Tyuiu.IvanovJD.Sprint1.Task0.V10.Test\Tyuiu.IvanovJD.Sprint1.Task0.V10.Test.csproj", "{2ACA2C74-6071-4FD2-BD8D-E569E10F5654}"
EndProject
Project("{2150E333-8FDC-42A3-9474-1A3956D46DE8}") = "Task1", "Task1", "{5D78F47E-8F21-46AA-B071-2E99B1C1C678}"
EndProject
Project("{FAE04EC0-301F-11D3-BF4B-00C04F79EFBC}") = "Tyuiu.IvanovJD.Sprint1.Task1.V1", "Tyuiu.IvanovJD.Sprint1.Task1.V1\Tyuiu.IvanovJD.Sprint1.Task1.V1.csproj", "{0F0B7281-1E2F-4BDE-BE88-AF1136EB3722}"
EndProject
Project("{FAE04EC0-301F-11D3-BF4B-00C04F79EFBC}") = "Tyuiu.IvanovJD.Sprint1.Task1.V1.Test", "Tyuiu.IvanovJD.Sprint1.Task1.V1.Test\Tyuiu.IvanovJD.Sprint1.Task1.V1.Test.csproj", "{2659E2B2-3BD5-4F97-9597-B18D1B4A27EB}"
EndProject
Project("{FAE04EC0-301F-11D3-BF4B-00C04F79EFBC}") = "Tyuiu.IvanovJD.Sprint1.Task1.V1.Lib", "Tyuiu.IvanovJD.Sprint1.Task1.V1.Lib\Tyuiu.IvanovJD.Sprint1.Task1.V1.Lib.csproj", "{8732C86B-4F6D-422B-BC20-41A2ED838CDB}"
EndProject
Project("{2150E333-8FDC-42A3-9474-1A3956D46DE8}") = "Task2", "Task2", "{CBD6A880-545F-4C38-B488-B2EA19BCE632}"
EndProject
Project("{FAE04EC0-301F-11D3-BF4B-00C04F79EFBC}") = "Tyuiu.IvanovJD.Sprint1.Task2.V5", "Tyuiu.IvanovJD.Sprint1.Task2.V5\Tyuiu.IvanovJD.Sprint1.Task2.V5.csproj", "{76FC6947-E655-4B69-A69F-B396FBAF312D}"
EndProject
Project("{FAE04EC0-301F-11D3-BF4B-00C04F79EFBC}") = "Tyuiu.IvanovJD.Sprint1.Task2.V5.Lib", "Tyuiu.IvanovJD.Sprint1.Task2.V5.Lib\Tyuiu.IvanovJD.Sprint1.Task2.V5.Lib.csproj", "{6843E3E4-E982-4698-9145-90C8A2797C66}"
EndProject
Project("{FAE04EC0-301F-11D3-BF4B-00C04F79EFBC}") = "Tyuiu.IvanovJD.Sprint1.Task2.V5.Test", "Tyuiu.IvanovJD.Sprint1.Task2.V5.Test\Tyuiu.IvanovJD.Sprint1.Task2.V5.Test.csproj", "{58D5CC0E-5C7E-4A4A-B133-167F527813C6}"
EndProject
Project("{FAE04EC0-301F-11D3-BF4B-00C04F79EFBC}") = "Tyuiu.IvanovJD.Sprint1.Task3.V2", "Tyuiu.IvanovJD.Sprint1.Task3.V2\Tyuiu.IvanovJD.Sprint1.Task3.V2.csproj", "{5E426EBB-4F6F-4DED-8128-CA0A6E1B0A59}"
EndProject
Project("{2150E333-8FDC-42A3-9474-1A3956D46DE8}") = "Task3", "Task3", "{1FA6F0FD-F824-4740-B3C2-167DF492F1CA}"
EndProject
Project("{FAE04EC0-301F-11D3-BF4B-00C04F79EFBC}") = "Tyuiu.IvanovJD.Sprint1.Task3.V2.Test", "Tyuiu.IvanovJD.Sprint1.Task3.V2.Test\Tyuiu.IvanovJD.Sprint1.Task3.V2.Test.csproj", "{7A9A5079-4C51-4E0E-8BED-A50568B53B34}"
EndProject
Project("{FAE04EC0-301F-11D3-BF4B-00C04F79EFBC}") = "Tyuiu.IvanovJD.Sprint1.Task3.V2.Lib", "Tyuiu.IvanovJD.Sprint1.Task3.V2.Lib\Tyuiu.IvanovJD.Sprint1.Task3.V2.Lib.csproj", "{5C58AEE5-979F-4A5E-9CBD-1A743239149C}"
EndProject
Project("{2150E333-8FDC-42A3-9474-1A3956D46DE8}") = "NewFolder1", "NewFolder1", "{A8193D40-EEE0-46CF-B59C-9F5177C9EDC4}"
EndProject
Project("{FAE04EC0-301F-11D3-BF4B-00C04F79EFBC}") = "Tyuiu.IvanovJD.Sprint1.Task4.V11", "Tyuiu.IvanovJD.Sprint1.Task4.V11\Tyuiu.IvanovJD.Sprint1.Task4.V11.csproj", "{5B3FE272-4D8E-4565-9339-F298C9A2F58E}"
EndProject
Project("{FAE04EC0-301F-11D3-BF4B-00C04F79EFBC}") = "Tyuiu.IvanovJD.Sprint1.Task4.V11.Lib", "Tyuiu.IvanovJD.Sprint1.Task4.V11.Lib\Tyuiu.IvanovJD.Sprint1.Task4.V11.Lib.csproj", "{81B01048-0436-4B5A-8695-B5E379F95934}"
EndProject
Project("{FAE04EC0-301F-11D3-BF4B-00C04F79EFBC}") = "Tyuiu.IvanovJD.Sprint1.Task4.V11.Test", "Tyuiu.IvanovJD.Sprint1.Task4.V11.Test\Tyuiu.IvanovJD.Sprint1.Task4.V11.Test.csproj", "{6F3225A8-4FF9-4893-8B3D-29334CE34196}"
EndProject
Project("{2150E333-8FDC-42A3-9474-1A3956D46DE8}") = "Task5", "Task5", "{C122C912-C6DF-42F8-8A6E-8193BDDCE245}"
EndProject
Project("{FAE04EC0-301F-11D3-BF4B-00C04F79EFBC}") = "Tyuiu.IvanovJD.Sprint1.Task5.V2", "Tyuiu.IvanovJD.Sprint1.Task5.V2\Tyuiu.IvanovJD.Sprint1.Task5.V2.csproj", "{255DD161-EC83-4EAB-807C-8F3D4D839DF3}"
EndProject
Project("{FAE04EC0-301F-11D3-BF4B-00C04F79EFBC}") = "Tyuiu.IvanovJD.Sprint1.Task5.V2.Lib", "Tyuiu.IvanovJD.Sprint1.Task5.V2.Lib\Tyuiu.IvanovJD.Sprint1.Task5.V2.Lib.csproj", "{F62E7182-838C-4D4E-A74C-EB326DB08531}"
EndProject
Project("{FAE04EC0-301F-11D3-BF4B-00C04F79EFBC}") = "Tyuiu.IvanovJD.Sprint1.Task5.V2.Test", "Tyuiu.IvanovJD.Sprint1.Task5.V2.Test\Tyuiu.IvanovJD.Sprint1.Task5.V2.Test.csproj", "{A1914B83-6611-4F0C-8DD5-263A640DDDAA}"
EndProject
Project("{2150E333-8FDC-42A3-9474-1A3956D46DE8}") = "NewFolder2", "NewFolder2", "{1A6958B2-03E2-486D-9F08-50CE1781D351}"
EndProject
Global
	GlobalSection(SolutionConfigurationPlatforms) = preSolution
		Debug|Any CPU = Debug|Any CPU
		Release|Any CPU = Release|Any CPU
	EndGlobalSection
	GlobalSection(ProjectConfigurationPlatforms) = postSolution
		{58F87E7E-A3CE-450E-8EE0-A947C5436A1C}.Debug|Any CPU.ActiveCfg = Debug|Any CPU
		{58F87E7E-A3CE-450E-8EE0-A947C5436A1C}.Debug|Any CPU.Build.0 = Debug|Any CPU
		{58F87E7E-A3CE-450E-8EE0-A947C5436A1C}.Release|Any CPU.ActiveCfg = Release|Any CPU
		{58F87E7E-A3CE-450E-8EE0-A947C5436A1C}.Release|Any CPU.Build.0 = Release|Any CPU
		{D8BC78C4-ADD8-4B4E-AA38-94DDEE2D8CDF}.Debug|Any CPU.ActiveCfg = Debug|Any CPU
		{D8BC78C4-ADD8-4B4E-AA38-94DDEE2D8CDF}.Debug|Any CPU.Build.0 = Debug|Any CPU
		{D8BC78C4-ADD8-4B4E-AA38-94DDEE2D8CDF}.Release|Any CPU.ActiveCfg = Release|Any CPU
		{D8BC78C4-ADD8-4B4E-AA38-94DDEE2D8CDF}.Release|Any CPU.Build.0 = Release|Any CPU
		{2ACA2C74-6071-4FD2-BD8D-E569E10F5654}.Debug|Any CPU.ActiveCfg = Debug|Any CPU
		{2ACA2C74-6071-4FD2-BD8D-E569E10F5654}.Debug|Any CPU.Build.0 = Debug|Any CPU
		{2ACA2C74-6071-4FD2-BD8D-E569E10F5654}.Release|Any CPU.ActiveCfg = Release|Any CPU
		{2ACA2C74-6071-4FD2-BD8D-E569E10F5654}.Release|Any CPU.Build.0 = Release|Any CPU
		{0F0B7281-1E2F-4BDE-BE88-AF1136EB3722}.Debug|Any CPU.ActiveCfg = Debug|Any CPU
		{0F0B7281-1E2F-4BDE-BE88-AF1136EB3722}.Debug|Any CPU.Build.0 = Debug|Any CPU
		{0F0B7281-1E2F-4BDE-BE88-AF1136EB3722}.Release|Any CPU.ActiveCfg = Release|Any CPU
		{0F0B7281-1E2F-4BDE-BE88-AF1136EB3722}.Release|Any CPU.Build.0 = Release|Any CPU
		{2659E2B2-3BD5-4F97-9597-B18D1B4A27EB}.Debug|Any CPU.ActiveCfg = Debug|Any CPU
		{2659E2B2-3BD5-4F97-9597-B18D1B4A27EB}.Debug|Any CPU.Build.0 = Debug|Any CPU
		{2659E2B2-3BD5-4F97-9597-B18D1B4A27EB}.Release|Any CPU.ActiveCfg = Release|Any CPU
		{2659E2B2-3BD5-4F97-9597-B18D1B4A27EB}.Release|Any CPU.Build.0 = Release|Any CPU
		{8732C86B-4F6D-422B-BC20-41A2ED838CDB}.Debug|Any CPU.ActiveCfg = Debug|Any CPU
		{8732C86B-4F6D-422B-BC20-41A2ED838CDB}.Debug|Any CPU.Build.0 = Debug|Any CPU
		{8732C86B-4F6D-422B-BC20-41A2ED838CDB}.Release|Any CPU.ActiveCfg = Release|Any CPU
		{8732C86B-4F6D-422B-BC20-41A2ED838CDB}.Release|Any CPU.Build.0 = Release|Any CPU
		{76FC6947-E655-4B69-A69F-B396FBAF312D}.Debug|Any CPU.ActiveCfg = Debug|Any CPU
		{76FC6947-E655-4B69-A69F-B396FBAF312D}.Debug|Any CPU.Build.0 = Debug|Any CPU
		{76FC6947-E655-4B69-A69F-B396FBAF312D}.Release|Any CPU.ActiveCfg = Release|Any CPU
		{76FC6947-E655-4B69-A69F-B396FBAF312D}.Release|Any CPU.Build.0 = Release|Any CPU
		{6843E3E4-E982-4698-9145-90C8A2797C66}.Debug|Any CPU.ActiveCfg = Debug|Any CPU
		{6843E3E4-E982-4698-9145-90C8A2797C66}.Debug|Any CPU.Build.0 = Debug|Any CPU
		{6843E3E4-E982-4698-9145-90C8A2797C66}.Release|Any CPU.ActiveCfg = Release|Any CPU
		{6843E3E4-E982-4698-9145-90C8A2797C66}.Release|Any CPU.Build.0 = Release|Any CPU
		{58D5CC0E-5C7E-4A4A-B133-167F527813C6}.Debug|Any CPU.ActiveCfg = Debug|Any CPU
		{58D5CC0E-5C7E-4A4A-B133-167F527813C6}.Debug|Any CPU.Build.0 = Debug|Any CPU
		{58D5CC0E-5C7E-4A4A-B133-167F527813C6}.Release|Any CPU.ActiveCfg = Release|Any CPU
		{58D5CC0E-5C7E-4A4A-B133-167F527813C6}.Release|Any CPU.Build.0 = Release|Any CPU
		{5E426EBB-4F6F-4DED-8128-CA0A6E1B0A59}.Debug|Any CPU.ActiveCfg = Debug|Any CPU
		{5E426EBB-4F6F-4DED-8128-CA0A6E1B0A59}.Debug|Any CPU.Build.0 = Debug|Any CPU
		{5E426EBB-4F6F-4DED-8128-CA0A6E1B0A59}.Release|Any CPU.ActiveCfg = Release|Any CPU
		{5E426EBB-4F6F-4DED-8128-CA0A6E1B0A59}.Release|Any CPU.Build.0 = Release|Any CPU
		{7A9A5079-4C51-4E0E-8BED-A50568B53B34}.Debug|Any CPU.ActiveCfg = Debug|Any CPU
		{7A9A5079-4C51-4E0E-8BED-A50568B53B34}.Debug|Any CPU.Build.0 = Debug|Any CPU
		{7A9A5079-4C51-4E0E-8BED-A50568B53B34}.Release|Any CPU.ActiveCfg = Release|Any CPU
		{7A9A5079-4C51-4E0E-8BED-A50568B53B34}.Release|Any CPU.Build.0 = Release|Any CPU
		{5C58AEE5-979F-4A5E-9CBD-1A743239149C}.Debug|Any CPU.ActiveCfg = Debug|Any CPU
		{5C58AEE5-979F-4A5E-9CBD-1A743239149C}.Debug|Any CPU.Build.0 = Debug|Any CPU
		{5C58AEE5-979F-4A5E-9CBD-1A743239149C}.Release|Any CPU.ActiveCfg = Release|Any CPU
		{5C58AEE5-979F-4A5E-9CBD-1A743239149C}.Release|Any CPU.Build.0 = Release|Any CPU
		{5B3FE272-4D8E-4565-9339-F298C9A2F58E}.Debug|Any CPU.ActiveCfg = Debug|Any CPU
		{5B3FE272-4D8E-4565-9339-F298C9A2F58E}.Debug|Any CPU.Build.0 = Debug|Any CPU
		{5B3FE272-4D8E-4565-9339-F298C9A2F58E}.Release|Any CPU.ActiveCfg = Release|Any CPU
		{5B3FE272-4D8E-4565-9339-F298C9A2F58E}.Release|Any CPU.Build.0 = Release|Any CPU
		{81B01048-0436-4B5A-8695-B5E379F95934}.Debug|Any CPU.ActiveCfg = Debug|Any CPU
		{81B01048-0436-4B5A-8695-B5E379F95934}.Debug|Any CPU.Build.0 = Debug|Any CPU
		{81B01048-0436-4B5A-8695-B5E379F95934}.Release|Any CPU.ActiveCfg = Release|Any CPU
		{81B01048-0436-4B5A-8695-B5E379F95934}.Release|Any CPU.Build.0 = Release|Any CPU
		{6F3225A8-4FF9-4893-8B3D-29334CE34196}.Debug|Any CPU.ActiveCfg = Debug|Any CPU
		{6F3225A8-4FF9-4893-8B3D-29334CE34196}.Debug|Any CPU.Build.0 = Debug|Any CPU
		{6F3225A8-4FF9-4893-8B3D-29334CE34196}.Release|Any CPU.ActiveCfg = Release|Any CPU
		{6F3225A8-4FF9-4893-8B3D-29334CE34196}.Release|Any CPU.Build.0 = Release|Any CPU
		{255DD161-EC83-4EAB-807C-8F3D4D839DF3}.Debug|Any CPU.ActiveCfg = Debug|Any CPU
		{255DD161-EC83-4EAB-807C-8F3D4D839DF3}.Debug|Any CPU.Build.0 = Debug|Any CPU
		{255DD161-EC83-4EAB-807C-8F3D4D839DF3}.Release|Any CPU.ActiveCfg = Release|Any CPU
		{255DD161-EC83-4EAB-807C-8F3D4D839DF3}.Release|Any CPU.Build.0 = Release|Any CPU
		{F62E7182-838C-4D4E-A74C-EB326DB08531}.Debug|Any CPU.ActiveCfg = Debug|Any CPU
		{F62E7182-838C-4D4E-A74C-EB326DB08531}.Debug|Any CPU.Build.0 = Debug|Any CPU
		{F62E7182-838C-4D4E-A74C-EB326DB08531}.Release|Any CPU.ActiveCfg = Release|Any CPU
		{F62E7182-838C-4D4E-A74C-EB326DB08531}.Release|Any CPU.Build.0 = Release|Any CPU
		{A1914B83-6611-4F0C-8DD5-263A640DDDAA}.Debug|Any CPU.ActiveCfg = Debug|Any CPU
		{A1914B83-6611-4F0C-8DD5-263A640DDDAA}.Debug|Any CPU.Build.0 = Debug|Any CPU
		{A1914B83-6611-4F0C-8DD5-263A640DDDAA}.Release|Any CPU.ActiveCfg = Release|Any CPU
		{A1914B83-6611-4F0C-8DD5-263A640DDDAA}.Release|Any CPU.Build.0 = Release|Any CPU
	EndGlobalSection
	GlobalSection(SolutionProperties) = preSolution
		HideSolutionNode = FALSE
	EndGlobalSection
	GlobalSection(NestedProjects) = preSolution
		{58F87E7E-A3CE-450E-8EE0-A947C5436A1C} = {CD031E74-CA5E-4ADF-8CBF-D3438DF8EACB}
		{D8BC78C4-ADD8-4B4E-AA38-94DDEE2D8CDF} = {CD031E74-CA5E-4ADF-8CBF-D3438DF8EACB}
		{2ACA2C74-6071-4FD2-BD8D-E569E10F5654} = {CD031E74-CA5E-4ADF-8CBF-D3438DF8EACB}
		{0F0B7281-1E2F-4BDE-BE88-AF1136EB3722} = {5D78F47E-8F21-46AA-B071-2E99B1C1C678}
		{2659E2B2-3BD5-4F97-9597-B18D1B4A27EB} = {5D78F47E-8F21-46AA-B071-2E99B1C1C678}
		{8732C86B-4F6D-422B-BC20-41A2ED838CDB} = {5D78F47E-8F21-46AA-B071-2E99B1C1C678}
		{76FC6947-E655-4B69-A69F-B396FBAF312D} = {CBD6A880-545F-4C38-B488-B2EA19BCE632}
		{6843E3E4-E982-4698-9145-90C8A2797C66} = {CBD6A880-545F-4C38-B488-B2EA19BCE632}
		{58D5CC0E-5C7E-4A4A-B133-167F527813C6} = {CBD6A880-545F-4C38-B488-B2EA19BCE632}
		{5E426EBB-4F6F-4DED-8128-CA0A6E1B0A59} = {1FA6F0FD-F824-4740-B3C2-167DF492F1CA}
		{7A9A5079-4C51-4E0E-8BED-A50568B53B34} = {1FA6F0FD-F824-4740-B3C2-167DF492F1CA}
		{5C58AEE5-979F-4A5E-9CBD-1A743239149C} = {1FA6F0FD-F824-4740-B3C2-167DF492F1CA}
		{5B3FE272-4D8E-4565-9339-F298C9A2F58E} = {A8193D40-EEE0-46CF-B59C-9F5177C9EDC4}
		{81B01048-0436-4B5A-8695-B5E379F95934} = {A8193D40-EEE0-46CF-B59C-9F5177C9EDC4}
		{6F3225A8-4FF9-4893-8B3D-29334CE34196} = {A8193D40-EEE0-46CF-B59C-9F5177C9EDC4}
		{255DD161-EC83-4EAB-807C-8F3D4D839DF3} = {C122C912-C6DF-42F8-8A6E-8193BDDCE245}
		{F62E7182-838C-4D4E-A74C-EB326DB08531} = {C122C912-C6DF-42F8-8A6E-8193BDDCE245}
		{A1914B83-6611-4F0C-8DD5-263A640DDDAA} = {C122C912-C6DF-42F8-8A6E-8193BDDCE245}
	EndGlobalSection
	GlobalSection(ExtensibilityGlobals) = postSolution
		SolutionGuid = {6910BE0A-A139-4F4A-B6AE-98D3C777ACA2}
	EndGlobalSection
EndGlobal
